
Microsoft Visual Studio Solution File, Format Version 12.00
# Visual Studio 15
VisualStudioVersion = 15.0.28010.2036
MinimumVisualStudioVersion = 10.0.40219.1
Project("{FAE04EC0-301F-11D3-BF4B-00C04F79EFBC}") = "OrTimer", "OrTimer\OrTimer.csproj", "{AEA19F9B-C135-4E4E-92E7-0AF593AB12F8}"
EndProject
Global
	GlobalSection(SolutionConfigurationPlatforms) = preSolution
		Debug|x64 = Debug|x64
		Debug|x86 = Debug|x86
		Release|x64 = Release|x64
		Release|x86 = Release|x86
	EndGlobalSection
	GlobalSection(ProjectConfigurationPlatforms) = postSolution
		{AEA19F9B-C135-4E4E-92E7-0AF593AB12F8}.Debug|x64.ActiveCfg = Debug|x64
		{AEA19F9B-C135-4E4E-92E7-0AF593AB12F8}.Debug|x64.Build.0 = Debug|x64
		{AEA19F9B-C135-4E4E-92E7-0AF593AB12F8}.Debug|x86.ActiveCfg = Debug|x86
		{AEA19F9B-C135-4E4E-92E7-0AF593AB12F8}.Debug|x86.Build.0 = Debug|x86
		{AEA19F9B-C135-4E4E-92E7-0AF593AB12F8}.Release|x64.ActiveCfg = Release|x64
		{AEA19F9B-C135-4E4E-92E7-0AF593AB12F8}.Release|x64.Build.0 = Release|x64
		{AEA19F9B-C135-4E4E-92E7-0AF593AB12F8}.Release|x86.ActiveCfg = Release|x86
		{AEA19F9B-C135-4E4E-92E7-0AF593AB12F8}.Release|x86.Build.0 = Release|x86
	EndGlobalSection
	GlobalSection(SolutionProperties) = preSolution
		HideSolutionNode = FALSE
	EndGlobalSection
	GlobalSection(ExtensibilityGlobals) = postSolution
		SolutionGuid = {216E8DCC-351B-40A9-AD03-395F05CE4D7B}
	EndGlobalSection
EndGlobal
